// !$*UTF8*$!
{
	archiveVersion = 1;
	classes = {
	};
	objectVersion = 46;
	objects = {

/* Begin PBXBuildFile section */
		411E24F31A3625900003E1AC /* GlobalVariables.swift in Sources */ = {isa = PBXBuildFile; fileRef = 411E24F21A3625900003E1AC /* GlobalVariables.swift */; };
		411E24F71A3793E20003E1AC /* PackageDetailsViewController.swift in Sources */ = {isa = PBXBuildFile; fileRef = 411E24F61A3793E20003E1AC /* PackageDetailsViewController.swift */; };
		411E24FB1A38EFB60003E1AC /* Crashlytics.framework in Frameworks */ = {isa = PBXBuildFile; fileRef = 411E24F91A38EFB60003E1AC /* Crashlytics.framework */; };
		411E24FC1A38EFB60003E1AC /* Fabric.framework in Frameworks */ = {isa = PBXBuildFile; fileRef = 411E24FA1A38EFB60003E1AC /* Fabric.framework */; };
		411E255A1A38F30B0003E1AC /* libAdIdAccess.a in Frameworks */ = {isa = PBXBuildFile; fileRef = 411E25371A38F30B0003E1AC /* libAdIdAccess.a */; };
		411E255B1A38F30B0003E1AC /* libGoogleAnalyticsServices.a in Frameworks */ = {isa = PBXBuildFile; fileRef = 411E25381A38F30B0003E1AC /* libGoogleAnalyticsServices.a */; };
		411E25771A38F6A00003E1AC /* AdSupport.framework in Frameworks */ = {isa = PBXBuildFile; fileRef = 411E25761A38F6A00003E1AC /* AdSupport.framework */; };
		411E25791A38F6A80003E1AC /* CoreData.framework in Frameworks */ = {isa = PBXBuildFile; fileRef = 411E25781A38F6A80003E1AC /* CoreData.framework */; };
		411E257B1A38F6BD0003E1AC /* SystemConfiguration.framework in Frameworks */ = {isa = PBXBuildFile; fileRef = 411E257A1A38F6BD0003E1AC /* SystemConfiguration.framework */; };
		411E257D1A38F6D50003E1AC /* libz.dylib in Frameworks */ = {isa = PBXBuildFile; fileRef = 411E257C1A38F6D50003E1AC /* libz.dylib */; };
		41A171D21B69AEC90044667D /* libsqlite3.dylib in Frameworks */ = {isa = PBXBuildFile; fileRef = 41A171D11B69AEC90044667D /* libsqlite3.dylib */; };
		41DA2E051A34B49200FE914A /* AppDelegate.swift in Sources */ = {isa = PBXBuildFile; fileRef = 41DA2E041A34B49200FE914A /* AppDelegate.swift */; };
		41DA2E081A34B49200FE914A /* Viajabessa.xcdatamodeld in Sources */ = {isa = PBXBuildFile; fileRef = 41DA2E061A34B49200FE914A /* Viajabessa.xcdatamodeld */; };
		41DA2E0A1A34B49200FE914A /* ListPackagesViewController.swift in Sources */ = {isa = PBXBuildFile; fileRef = 41DA2E091A34B49200FE914A /* ListPackagesViewController.swift */; };
		41DA2E0D1A34B49200FE914A /* Main.storyboard in Resources */ = {isa = PBXBuildFile; fileRef = 41DA2E0B1A34B49200FE914A /* Main.storyboard */; };
		41DA2E0F1A34B49200FE914A /* Images.xcassets in Resources */ = {isa = PBXBuildFile; fileRef = 41DA2E0E1A34B49200FE914A /* Images.xcassets */; };
		41DA2E121A34B49200FE914A /* LaunchScreen.xib in Resources */ = {isa = PBXBuildFile; fileRef = 41DA2E101A34B49200FE914A /* LaunchScreen.xib */; };
		41DA2E1E1A34B49200FE914A /* ViajabessaTests.swift in Sources */ = {isa = PBXBuildFile; fileRef = 41DA2E1D1A34B49200FE914A /* ViajabessaTests.swift */; };
		41DA2E451A34FC3400FE914A /* ListPackagesTableCell.xib in Resources */ = {isa = PBXBuildFile; fileRef = 41DA2E441A34FC3400FE914A /* ListPackagesTableCell.xib */; };
		41DA2E481A34FEAE00FE914A /* ListPackagesTableViewCell.swift in Sources */ = {isa = PBXBuildFile; fileRef = 41DA2E471A34FEAE00FE914A /* ListPackagesTableViewCell.swift */; };
		41DA2E4B1A35015D00FE914A /* Package.swift in Sources */ = {isa = PBXBuildFile; fileRef = 41DA2E4A1A35015D00FE914A /* Package.swift */; };
		41DA2E4D1A35039100FE914A /* Constants.swift in Sources */ = {isa = PBXBuildFile; fileRef = 41DA2E4C1A35039100FE914A /* Constants.swift */; };
		41DA2E4F1A35056900FE914A /* ServerFunctions.swift in Sources */ = {isa = PBXBuildFile; fileRef = 41DA2E4E1A35056900FE914A /* ServerFunctions.swift */; };
		A4E34B2EFF3EC51458ED01AA /* Pods.framework in Frameworks */ = {isa = PBXBuildFile; fileRef = 8DA2E54E38A45A4B3D4523BF /* Pods.framework */; settings = {ATTRIBUTES = (Weak, ); }; };
/* End PBXBuildFile section */

/* Begin PBXContainerItemProxy section */
		41DA2E181A34B49200FE914A /* PBXContainerItemProxy */ = {
			isa = PBXContainerItemProxy;
			containerPortal = 41DA2DF71A34B49200FE914A /* Project object */;
			proxyType = 1;
			remoteGlobalIDString = 41DA2DFE1A34B49200FE914A;
			remoteInfo = Viajabessa;
		};
/* End PBXContainerItemProxy section */

/* Begin PBXFileReference section */
		411E24F21A3625900003E1AC /* GlobalVariables.swift */ = {isa = PBXFileReference; fileEncoding = 4; lastKnownFileType = sourcecode.swift; path = GlobalVariables.swift; sourceTree = "<group>"; };
		411E24F61A3793E20003E1AC /* PackageDetailsViewController.swift */ = {isa = PBXFileReference; fileEncoding = 4; lastKnownFileType = sourcecode.swift; path = PackageDetailsViewController.swift; sourceTree = "<group>"; };
		411E24F91A38EFB60003E1AC /* Crashlytics.framework */ = {isa = PBXFileReference; lastKnownFileType = wrapper.framework; path = Crashlytics.framework; sourceTree = "<group>"; };
		411E24FA1A38EFB60003E1AC /* Fabric.framework */ = {isa = PBXFileReference; lastKnownFileType = wrapper.framework; path = Fabric.framework; sourceTree = "<group>"; };
		411E252C1A38F30B0003E1AC /* GAI.h */ = {isa = PBXFileReference; fileEncoding = 4; lastKnownFileType = sourcecode.c.h; path = GAI.h; sourceTree = "<group>"; };
		411E252D1A38F30B0003E1AC /* GAIDictionaryBuilder.h */ = {isa = PBXFileReference; fileEncoding = 4; lastKnownFileType = sourcecode.c.h; path = GAIDictionaryBuilder.h; sourceTree = "<group>"; };
		411E252E1A38F30B0003E1AC /* GAIEcommerceFields.h */ = {isa = PBXFileReference; fileEncoding = 4; lastKnownFileType = sourcecode.c.h; path = GAIEcommerceFields.h; sourceTree = "<group>"; };
		411E252F1A38F30B0003E1AC /* GAIEcommerceProduct.h */ = {isa = PBXFileReference; fileEncoding = 4; lastKnownFileType = sourcecode.c.h; path = GAIEcommerceProduct.h; sourceTree = "<group>"; };
		411E25301A38F30B0003E1AC /* GAIEcommerceProductAction.h */ = {isa = PBXFileReference; fileEncoding = 4; lastKnownFileType = sourcecode.c.h; path = GAIEcommerceProductAction.h; sourceTree = "<group>"; };
		411E25311A38F30B0003E1AC /* GAIEcommercePromotion.h */ = {isa = PBXFileReference; fileEncoding = 4; lastKnownFileType = sourcecode.c.h; path = GAIEcommercePromotion.h; sourceTree = "<group>"; };
		411E25321A38F30B0003E1AC /* GAIFields.h */ = {isa = PBXFileReference; fileEncoding = 4; lastKnownFileType = sourcecode.c.h; path = GAIFields.h; sourceTree = "<group>"; };
		411E25331A38F30B0003E1AC /* GAILogger.h */ = {isa = PBXFileReference; fileEncoding = 4; lastKnownFileType = sourcecode.c.h; path = GAILogger.h; sourceTree = "<group>"; };
		411E25341A38F30B0003E1AC /* GAITrackedViewController.h */ = {isa = PBXFileReference; fileEncoding = 4; lastKnownFileType = sourcecode.c.h; path = GAITrackedViewController.h; sourceTree = "<group>"; };
		411E25351A38F30B0003E1AC /* GAITracker.h */ = {isa = PBXFileReference; fileEncoding = 4; lastKnownFileType = sourcecode.c.h; path = GAITracker.h; sourceTree = "<group>"; };
		411E25371A38F30B0003E1AC /* libAdIdAccess.a */ = {isa = PBXFileReference; lastKnownFileType = archive.ar; path = libAdIdAccess.a; sourceTree = "<group>"; };
		411E25381A38F30B0003E1AC /* libGoogleAnalyticsServices.a */ = {isa = PBXFileReference; lastKnownFileType = archive.ar; path = libGoogleAnalyticsServices.a; sourceTree = "<group>"; };
		411E25621A38F34D0003E1AC /* TAGContainer.h */ = {isa = PBXFileReference; fileEncoding = 4; lastKnownFileType = sourcecode.c.h; path = TAGContainer.h; sourceTree = "<group>"; };
		411E25631A38F34D0003E1AC /* TAGContainerOpener.h */ = {isa = PBXFileReference; fileEncoding = 4; lastKnownFileType = sourcecode.c.h; path = TAGContainerOpener.h; sourceTree = "<group>"; };
		411E25641A38F34D0003E1AC /* TAGDataLayer.h */ = {isa = PBXFileReference; fileEncoding = 4; lastKnownFileType = sourcecode.c.h; path = TAGDataLayer.h; sourceTree = "<group>"; };
		411E25651A38F34D0003E1AC /* TAGLogger.h */ = {isa = PBXFileReference; fileEncoding = 4; lastKnownFileType = sourcecode.c.h; path = TAGLogger.h; sourceTree = "<group>"; };
		411E25661A38F34D0003E1AC /* TAGManager.h */ = {isa = PBXFileReference; fileEncoding = 4; lastKnownFileType = sourcecode.c.h; path = TAGManager.h; sourceTree = "<group>"; };
		411E25751A38F4F10003E1AC /* Viajabessa-Bridging-Header.h */ = {isa = PBXFileReference; lastKnownFileType = sourcecode.c.h; path = "Viajabessa-Bridging-Header.h"; sourceTree = "<group>"; };
		411E25761A38F6A00003E1AC /* AdSupport.framework */ = {isa = PBXFileReference; lastKnownFileType = wrapper.framework; name = AdSupport.framework; path = System/Library/Frameworks/AdSupport.framework; sourceTree = SDKROOT; };
		411E25781A38F6A80003E1AC /* CoreData.framework */ = {isa = PBXFileReference; lastKnownFileType = wrapper.framework; name = CoreData.framework; path = System/Library/Frameworks/CoreData.framework; sourceTree = SDKROOT; };
		411E257A1A38F6BD0003E1AC /* SystemConfiguration.framework */ = {isa = PBXFileReference; lastKnownFileType = wrapper.framework; name = SystemConfiguration.framework; path = System/Library/Frameworks/SystemConfiguration.framework; sourceTree = SDKROOT; };
		411E257C1A38F6D50003E1AC /* libz.dylib */ = {isa = PBXFileReference; lastKnownFileType = "compiled.mach-o.dylib"; name = libz.dylib; path = usr/lib/libz.dylib; sourceTree = SDKROOT; };
		41A171D11B69AEC90044667D /* libsqlite3.dylib */ = {isa = PBXFileReference; lastKnownFileType = "compiled.mach-o.dylib"; name = libsqlite3.dylib; path = usr/lib/libsqlite3.dylib; sourceTree = SDKROOT; };
		41DA2DFF1A34B49200FE914A /* Viajabessa.app */ = {isa = PBXFileReference; explicitFileType = wrapper.application; includeInIndex = 0; path = Viajabessa.app; sourceTree = BUILT_PRODUCTS_DIR; };
		41DA2E031A34B49200FE914A /* Info.plist */ = {isa = PBXFileReference; lastKnownFileType = text.plist.xml; path = Info.plist; sourceTree = "<group>"; };
		41DA2E041A34B49200FE914A /* AppDelegate.swift */ = {isa = PBXFileReference; lastKnownFileType = sourcecode.swift; path = AppDelegate.swift; sourceTree = "<group>"; };
		41DA2E071A34B49200FE914A /* Viajabessa.xcdatamodel */ = {isa = PBXFileReference; lastKnownFileType = wrapper.xcdatamodel; path = Viajabessa.xcdatamodel; sourceTree = "<group>"; };
		41DA2E091A34B49200FE914A /* ListPackagesViewController.swift */ = {isa = PBXFileReference; lastKnownFileType = sourcecode.swift; path = ListPackagesViewController.swift; sourceTree = "<group>"; };
		41DA2E0C1A34B49200FE914A /* Base */ = {isa = PBXFileReference; lastKnownFileType = file.storyboard; name = Base; path = Base.lproj/Main.storyboard; sourceTree = "<group>"; };
		41DA2E0E1A34B49200FE914A /* Images.xcassets */ = {isa = PBXFileReference; lastKnownFileType = folder.assetcatalog; path = Images.xcassets; sourceTree = "<group>"; };
		41DA2E111A34B49200FE914A /* Base */ = {isa = PBXFileReference; lastKnownFileType = file.xib; name = Base; path = Base.lproj/LaunchScreen.xib; sourceTree = "<group>"; };
		41DA2E171A34B49200FE914A /* ViajabessaTests.xctest */ = {isa = PBXFileReference; explicitFileType = wrapper.cfbundle; includeInIndex = 0; path = ViajabessaTests.xctest; sourceTree = BUILT_PRODUCTS_DIR; };
		41DA2E1C1A34B49200FE914A /* Info.plist */ = {isa = PBXFileReference; lastKnownFileType = text.plist.xml; path = Info.plist; sourceTree = "<group>"; };
		41DA2E1D1A34B49200FE914A /* ViajabessaTests.swift */ = {isa = PBXFileReference; lastKnownFileType = sourcecode.swift; path = ViajabessaTests.swift; sourceTree = "<group>"; };
		41DA2E441A34FC3400FE914A /* ListPackagesTableCell.xib */ = {isa = PBXFileReference; fileEncoding = 4; lastKnownFileType = file.xib; path = ListPackagesTableCell.xib; sourceTree = "<group>"; };
		41DA2E471A34FEAE00FE914A /* ListPackagesTableViewCell.swift */ = {isa = PBXFileReference; fileEncoding = 4; lastKnownFileType = sourcecode.swift; path = ListPackagesTableViewCell.swift; sourceTree = "<group>"; };
		41DA2E4A1A35015D00FE914A /* Package.swift */ = {isa = PBXFileReference; fileEncoding = 4; lastKnownFileType = sourcecode.swift; path = Package.swift; sourceTree = "<group>"; };
		41DA2E4C1A35039100FE914A /* Constants.swift */ = {isa = PBXFileReference; fileEncoding = 4; lastKnownFileType = sourcecode.swift; path = Constants.swift; sourceTree = "<group>"; };
		41DA2E4E1A35056900FE914A /* ServerFunctions.swift */ = {isa = PBXFileReference; fileEncoding = 4; lastKnownFileType = sourcecode.swift; path = ServerFunctions.swift; sourceTree = "<group>"; };
		8DA2E54E38A45A4B3D4523BF /* Pods.framework */ = {isa = PBXFileReference; explicitFileType = wrapper.framework; includeInIndex = 0; path = Pods.framework; sourceTree = BUILT_PRODUCTS_DIR; };
		C00020CB55C4087EB56559BA /* Pods.release.xcconfig */ = {isa = PBXFileReference; includeInIndex = 1; lastKnownFileType = text.xcconfig; name = Pods.release.xcconfig; path = "Pods/Target Support Files/Pods/Pods.release.xcconfig"; sourceTree = "<group>"; };
		DCCE2597739F30954DA854A0 /* Pods.debug.xcconfig */ = {isa = PBXFileReference; includeInIndex = 1; lastKnownFileType = text.xcconfig; name = Pods.debug.xcconfig; path = "Pods/Target Support Files/Pods/Pods.debug.xcconfig"; sourceTree = "<group>"; };
/* End PBXFileReference section */

/* Begin PBXFrameworksBuildPhase section */
		41DA2DFC1A34B49200FE914A /* Frameworks */ = {
			isa = PBXFrameworksBuildPhase;
			buildActionMask = 2147483647;
			files = (
				41A171D21B69AEC90044667D /* libsqlite3.dylib in Frameworks */,
				411E257D1A38F6D50003E1AC /* libz.dylib in Frameworks */,
				411E257B1A38F6BD0003E1AC /* SystemConfiguration.framework in Frameworks */,
				411E25791A38F6A80003E1AC /* CoreData.framework in Frameworks */,
				411E25771A38F6A00003E1AC /* AdSupport.framework in Frameworks */,
				411E24FB1A38EFB60003E1AC /* Crashlytics.framework in Frameworks */,
				411E255A1A38F30B0003E1AC /* libAdIdAccess.a in Frameworks */,
				411E24FC1A38EFB60003E1AC /* Fabric.framework in Frameworks */,
				411E255B1A38F30B0003E1AC /* libGoogleAnalyticsServices.a in Frameworks */,
				A4E34B2EFF3EC51458ED01AA /* Pods.framework in Frameworks */,
			);
			runOnlyForDeploymentPostprocessing = 0;
		};
		41DA2E141A34B49200FE914A /* Frameworks */ = {
			isa = PBXFrameworksBuildPhase;
			buildActionMask = 2147483647;
			files = (
			);
			runOnlyForDeploymentPostprocessing = 0;
		};
/* End PBXFrameworksBuildPhase section */

/* Begin PBXGroup section */
		002ABE44A3E8C35E9839879F /* Pods */ = {
			isa = PBXGroup;
			children = (
				DCCE2597739F30954DA854A0 /* Pods.debug.xcconfig */,
				C00020CB55C4087EB56559BA /* Pods.release.xcconfig */,
			);
			name = Pods;
			sourceTree = "<group>";
		};
		411E24FD1A38F2D50003E1AC /* Libraries */ = {
			isa = PBXGroup;
			children = (
				411E24FE1A38F2E40003E1AC /* Google Analytics */,
			);
			name = Libraries;
			sourceTree = "<group>";
		};
		411E24FE1A38F2E40003E1AC /* Google Analytics */ = {
			isa = PBXGroup;
			children = (
				411E25601A38F34D0003E1AC /* GoogleTagManager */,
				411E24FF1A38F30B0003E1AC /* GoogleAnalytics */,
				411E25371A38F30B0003E1AC /* libAdIdAccess.a */,
				411E25381A38F30B0003E1AC /* libGoogleAnalyticsServices.a */,
			);
			name = "Google Analytics";
			sourceTree = "<group>";
		};
		411E24FF1A38F30B0003E1AC /* GoogleAnalytics */ = {
			isa = PBXGroup;
			children = (
				411E252B1A38F30B0003E1AC /* Library */,
			);
			path = GoogleAnalytics;
			sourceTree = "<group>";
		};
		411E252B1A38F30B0003E1AC /* Library */ = {
			isa = PBXGroup;
			children = (
				411E252C1A38F30B0003E1AC /* GAI.h */,
				411E252D1A38F30B0003E1AC /* GAIDictionaryBuilder.h */,
				411E252E1A38F30B0003E1AC /* GAIEcommerceFields.h */,
				411E252F1A38F30B0003E1AC /* GAIEcommerceProduct.h */,
				411E25301A38F30B0003E1AC /* GAIEcommerceProductAction.h */,
				411E25311A38F30B0003E1AC /* GAIEcommercePromotion.h */,
				411E25321A38F30B0003E1AC /* GAIFields.h */,
				411E25331A38F30B0003E1AC /* GAILogger.h */,
				411E25341A38F30B0003E1AC /* GAITrackedViewController.h */,
				411E25351A38F30B0003E1AC /* GAITracker.h */,
			);
			path = Library;
			sourceTree = "<group>";
		};
		411E25601A38F34D0003E1AC /* GoogleTagManager */ = {
			isa = PBXGroup;
			children = (
				411E25611A38F34D0003E1AC /* Library */,
			);
			path = GoogleTagManager;
			sourceTree = "<group>";
		};
		411E25611A38F34D0003E1AC /* Library */ = {
			isa = PBXGroup;
			children = (
				411E25621A38F34D0003E1AC /* TAGContainer.h */,
				411E25631A38F34D0003E1AC /* TAGContainerOpener.h */,
				411E25641A38F34D0003E1AC /* TAGDataLayer.h */,
				411E25651A38F34D0003E1AC /* TAGLogger.h */,
				411E25661A38F34D0003E1AC /* TAGManager.h */,
			);
			path = Library;
			sourceTree = "<group>";
		};
		41DA2DF61A34B49200FE914A = {
			isa = PBXGroup;
			children = (
				411E257C1A38F6D50003E1AC /* libz.dylib */,
				411E257A1A38F6BD0003E1AC /* SystemConfiguration.framework */,
				411E25781A38F6A80003E1AC /* CoreData.framework */,
				411E25761A38F6A00003E1AC /* AdSupport.framework */,
				411E24F91A38EFB60003E1AC /* Crashlytics.framework */,
				411E24FA1A38EFB60003E1AC /* Fabric.framework */,
				41DA2E011A34B49200FE914A /* Viajabessa */,
				41DA2E1A1A34B49200FE914A /* ViajabessaTests */,
				41DA2E001A34B49200FE914A /* Products */,
				002ABE44A3E8C35E9839879F /* Pods */,
				AC23D60C30D5747FD359F416 /* Frameworks */,
			);
			sourceTree = "<group>";
		};
		41DA2E001A34B49200FE914A /* Products */ = {
			isa = PBXGroup;
			children = (
				41DA2DFF1A34B49200FE914A /* Viajabessa.app */,
				41DA2E171A34B49200FE914A /* ViajabessaTests.xctest */,
			);
			name = Products;
			sourceTree = "<group>";
		};
		41DA2E011A34B49200FE914A /* Viajabessa */ = {
			isa = PBXGroup;
			children = (
				411E25751A38F4F10003E1AC /* Viajabessa-Bridging-Header.h */,
				411E24FD1A38F2D50003E1AC /* Libraries */,
				41DA2E491A35013900FE914A /* Model */,
				41DA2E411A34FBAE00FE914A /* Main */,
				41DA2E421A34FBBE00FE914A /* ViewControllers */,
				41DA2E431A34FBDC00FE914A /* xibs */,
				41DA2E0E1A34B49200FE914A /* Images.xcassets */,
				41DA2E061A34B49200FE914A /* Viajabessa.xcdatamodeld */,
				41DA2E021A34B49200FE914A /* Supporting Files */,
				41DA2E4C1A35039100FE914A /* Constants.swift */,
				41DA2E4E1A35056900FE914A /* ServerFunctions.swift */,
				411E24F21A3625900003E1AC /* GlobalVariables.swift */,
			);
			path = Viajabessa;
			sourceTree = "<group>";
		};
		41DA2E021A34B49200FE914A /* Supporting Files */ = {
			isa = PBXGroup;
			children = (
				41DA2E031A34B49200FE914A /* Info.plist */,
			);
			name = "Supporting Files";
			sourceTree = "<group>";
		};
		41DA2E1A1A34B49200FE914A /* ViajabessaTests */ = {
			isa = PBXGroup;
			children = (
				41DA2E1D1A34B49200FE914A /* ViajabessaTests.swift */,
				41DA2E1B1A34B49200FE914A /* Supporting Files */,
			);
			path = ViajabessaTests;
			sourceTree = "<group>";
		};
		41DA2E1B1A34B49200FE914A /* Supporting Files */ = {
			isa = PBXGroup;
			children = (
				41DA2E1C1A34B49200FE914A /* Info.plist */,
			);
			name = "Supporting Files";
			sourceTree = "<group>";
		};
		41DA2E411A34FBAE00FE914A /* Main */ = {
			isa = PBXGroup;
			children = (
				41DA2E041A34B49200FE914A /* AppDelegate.swift */,
			);
			name = Main;
			sourceTree = "<group>";
		};
		41DA2E421A34FBBE00FE914A /* ViewControllers */ = {
			isa = PBXGroup;
			children = (
				41DA2E461A34FE3500FE914A /* TableCells */,
				41DA2E091A34B49200FE914A /* ListPackagesViewController.swift */,
				411E24F61A3793E20003E1AC /* PackageDetailsViewController.swift */,
			);
			name = ViewControllers;
			sourceTree = "<group>";
		};
		41DA2E431A34FBDC00FE914A /* xibs */ = {
			isa = PBXGroup;
			children = (
				41DA2E0B1A34B49200FE914A /* Main.storyboard */,
				41DA2E101A34B49200FE914A /* LaunchScreen.xib */,
				41DA2E441A34FC3400FE914A /* ListPackagesTableCell.xib */,
			);
			name = xibs;
			sourceTree = "<group>";
		};
		41DA2E461A34FE3500FE914A /* TableCells */ = {
			isa = PBXGroup;
			children = (
				41DA2E471A34FEAE00FE914A /* ListPackagesTableViewCell.swift */,
			);
			name = TableCells;
			sourceTree = "<group>";
		};
		41DA2E491A35013900FE914A /* Model */ = {
			isa = PBXGroup;
			children = (
				41DA2E4A1A35015D00FE914A /* Package.swift */,
			);
			name = Model;
			sourceTree = "<group>";
		};
		AC23D60C30D5747FD359F416 /* Frameworks */ = {
			isa = PBXGroup;
			children = (
				41A171D11B69AEC90044667D /* libsqlite3.dylib */,
				8DA2E54E38A45A4B3D4523BF /* Pods.framework */,
			);
			name = Frameworks;
			sourceTree = "<group>";
		};
/* End PBXGroup section */

/* Begin PBXNativeTarget section */
		41DA2DFE1A34B49200FE914A /* Viajabessa */ = {
			isa = PBXNativeTarget;
			buildConfigurationList = 41DA2E211A34B49200FE914A /* Build configuration list for PBXNativeTarget "Viajabessa" */;
			buildPhases = (
				34F2F222141A48960F062E90 /* Check Pods Manifest.lock */,
				41DA2DFB1A34B49200FE914A /* Sources */,
				41DA2DFC1A34B49200FE914A /* Frameworks */,
				41DA2DFD1A34B49200FE914A /* Resources */,
				411E24F81A38EF9E0003E1AC /* ShellScript */,
				089E94C30A2853000C72A952 /* Embed Pods Frameworks */,
				2ABA594E045A139A83FDB960 /* Copy Pods Resources */,
			);
			buildRules = (
			);
			dependencies = (
			);
			name = Viajabessa;
			productName = Viajabessa;
			productReference = 41DA2DFF1A34B49200FE914A /* Viajabessa.app */;
			productType = "com.apple.product-type.application";
		};
		41DA2E161A34B49200FE914A /* ViajabessaTests */ = {
			isa = PBXNativeTarget;
			buildConfigurationList = 41DA2E241A34B49200FE914A /* Build configuration list for PBXNativeTarget "ViajabessaTests" */;
			buildPhases = (
				41DA2E131A34B49200FE914A /* Sources */,
				41DA2E141A34B49200FE914A /* Frameworks */,
				41DA2E151A34B49200FE914A /* Resources */,
			);
			buildRules = (
			);
			dependencies = (
				41DA2E191A34B49200FE914A /* PBXTargetDependency */,
			);
			name = ViajabessaTests;
			productName = ViajabessaTests;
			productReference = 41DA2E171A34B49200FE914A /* ViajabessaTests.xctest */;
			productType = "com.apple.product-type.bundle.unit-test";
		};
/* End PBXNativeTarget section */

/* Begin PBXProject section */
		41DA2DF71A34B49200FE914A /* Project object */ = {
			isa = PBXProject;
			attributes = {
				LastUpgradeCheck = 0610;
				ORGANIZATIONNAME = "Ryniere dos Santos Silva";
				TargetAttributes = {
					41DA2DFE1A34B49200FE914A = {
						CreatedOnToolsVersion = 6.1.1;
						DevelopmentTeam = Z6KC2UFRV2;
					};
					41DA2E161A34B49200FE914A = {
						CreatedOnToolsVersion = 6.1.1;
						TestTargetID = 41DA2DFE1A34B49200FE914A;
					};
				};
			};
			buildConfigurationList = 41DA2DFA1A34B49200FE914A /* Build configuration list for PBXProject "Viajabessa" */;
			compatibilityVersion = "Xcode 3.2";
			developmentRegion = English;
			hasScannedForEncodings = 0;
			knownRegions = (
				en,
				Base,
			);
			mainGroup = 41DA2DF61A34B49200FE914A;
			productRefGroup = 41DA2E001A34B49200FE914A /* Products */;
			projectDirPath = "";
			projectRoot = "";
			targets = (
				41DA2DFE1A34B49200FE914A /* Viajabessa */,
				41DA2E161A34B49200FE914A /* ViajabessaTests */,
			);
		};
/* End PBXProject section */

/* Begin PBXResourcesBuildPhase section */
		41DA2DFD1A34B49200FE914A /* Resources */ = {
			isa = PBXResourcesBuildPhase;
			buildActionMask = 2147483647;
			files = (
				41DA2E0D1A34B49200FE914A /* Main.storyboard in Resources */,
				41DA2E451A34FC3400FE914A /* ListPackagesTableCell.xib in Resources */,
				41DA2E121A34B49200FE914A /* LaunchScreen.xib in Resources */,
				41DA2E0F1A34B49200FE914A /* Images.xcassets in Resources */,
			);
			runOnlyForDeploymentPostprocessing = 0;
		};
		41DA2E151A34B49200FE914A /* Resources */ = {
			isa = PBXResourcesBuildPhase;
			buildActionMask = 2147483647;
			files = (
			);
			runOnlyForDeploymentPostprocessing = 0;
		};
/* End PBXResourcesBuildPhase section */

/* Begin PBXShellScriptBuildPhase section */
		089E94C30A2853000C72A952 /* Embed Pods Frameworks */ = {
			isa = PBXShellScriptBuildPhase;
			buildActionMask = 2147483647;
			files = (
			);
			inputPaths = (
			);
			name = "Embed Pods Frameworks";
			outputPaths = (
			);
			runOnlyForDeploymentPostprocessing = 0;
			shellPath = /bin/sh;
			shellScript = "\"${SRCROOT}/Pods/Target Support Files/Pods/Pods-frameworks.sh\"\n";
			showEnvVarsInLog = 0;
		};
		2ABA594E045A139A83FDB960 /* Copy Pods Resources */ = {
			isa = PBXShellScriptBuildPhase;
			buildActionMask = 2147483647;
			files = (
			);
			inputPaths = (
			);
			name = "Copy Pods Resources";
			outputPaths = (
			);
			runOnlyForDeploymentPostprocessing = 0;
			shellPath = /bin/sh;
			shellScript = "\"${SRCROOT}/Pods/Target Support Files/Pods/Pods-resources.sh\"\n";
			showEnvVarsInLog = 0;
		};
		34F2F222141A48960F062E90 /* Check Pods Manifest.lock */ = {
			isa = PBXShellScriptBuildPhase;
			buildActionMask = 2147483647;
			files = (
			);
			inputPaths = (
			);
			name = "Check Pods Manifest.lock";
			outputPaths = (
			);
			runOnlyForDeploymentPostprocessing = 0;
			shellPath = /bin/sh;
			shellScript = "diff \"${PODS_ROOT}/../Podfile.lock\" \"${PODS_ROOT}/Manifest.lock\" > /dev/null\nif [[ $? != 0 ]] ; then\n    cat << EOM\nerror: The sandbox is not in sync with the Podfile.lock. Run 'pod install' or update your CocoaPods installation.\nEOM\n    exit 1\nfi\n";
			showEnvVarsInLog = 0;
		};
		411E24F81A38EF9E0003E1AC /* ShellScript */ = {
			isa = PBXShellScriptBuildPhase;
			buildActionMask = 2147483647;
			files = (
			);
			inputPaths = (
			);
			outputPaths = (
			);
			runOnlyForDeploymentPostprocessing = 0;
			shellPath = /bin/sh;
			shellScript = "./Fabric.framework/run b263a9bbf52576de053ace44e6456a2955579dc6 c65314dad5e39468dbec08a7b505eef8a37e08965eabb28fbf15609439aba6c5";
		};
/* End PBXShellScriptBuildPhase section */

/* Begin PBXSourcesBuildPhase section */
		41DA2DFB1A34B49200FE914A /* Sources */ = {
			isa = PBXSourcesBuildPhase;
			buildActionMask = 2147483647;
			files = (
				41DA2E481A34FEAE00FE914A /* ListPackagesTableViewCell.swift in Sources */,
				41DA2E4B1A35015D00FE914A /* Package.swift in Sources */,
				41DA2E0A1A34B49200FE914A /* ListPackagesViewController.swift in Sources */,
				411E24F31A3625900003E1AC /* GlobalVariables.swift in Sources */,
				41DA2E4F1A35056900FE914A /* ServerFunctions.swift in Sources */,
				41DA2E081A34B49200FE914A /* Viajabessa.xcdatamodeld in Sources */,
				41DA2E051A34B49200FE914A /* AppDelegate.swift in Sources */,
				41DA2E4D1A35039100FE914A /* Constants.swift in Sources */,
				411E24F71A3793E20003E1AC /* PackageDetailsViewController.swift in Sources */,
			);
			runOnlyForDeploymentPostprocessing = 0;
		};
		41DA2E131A34B49200FE914A /* Sources */ = {
			isa = PBXSourcesBuildPhase;
			buildActionMask = 2147483647;
			files = (
				41DA2E1E1A34B49200FE914A /* ViajabessaTests.swift in Sources */,
			);
			runOnlyForDeploymentPostprocessing = 0;
		};
/* End PBXSourcesBuildPhase section */

/* Begin PBXTargetDependency section */
		41DA2E191A34B49200FE914A /* PBXTargetDependency */ = {
			isa = PBXTargetDependency;
			target = 41DA2DFE1A34B49200FE914A /* Viajabessa */;
			targetProxy = 41DA2E181A34B49200FE914A /* PBXContainerItemProxy */;
		};
/* End PBXTargetDependency section */

/* Begin PBXVariantGroup section */
		41DA2E0B1A34B49200FE914A /* Main.storyboard */ = {
			isa = PBXVariantGroup;
			children = (
				41DA2E0C1A34B49200FE914A /* Base */,
			);
			name = Main.storyboard;
			sourceTree = "<group>";
		};
		41DA2E101A34B49200FE914A /* LaunchScreen.xib */ = {
			isa = PBXVariantGroup;
			children = (
				41DA2E111A34B49200FE914A /* Base */,
			);
			name = LaunchScreen.xib;
			sourceTree = "<group>";
		};
/* End PBXVariantGroup section */

/* Begin XCBuildConfiguration section */
		41DA2E1F1A34B49200FE914A /* Debug */ = {
			isa = XCBuildConfiguration;
			buildSettings = {
				ALWAYS_SEARCH_USER_PATHS = NO;
				CLANG_CXX_LANGUAGE_STANDARD = "gnu++0x";
				CLANG_CXX_LIBRARY = "libc++";
				CLANG_ENABLE_MODULES = YES;
				CLANG_ENABLE_OBJC_ARC = YES;
				CLANG_WARN_BOOL_CONVERSION = YES;
				CLANG_WARN_CONSTANT_CONVERSION = YES;
				CLANG_WARN_DIRECT_OBJC_ISA_USAGE = YES_ERROR;
				CLANG_WARN_EMPTY_BODY = YES;
				CLANG_WARN_ENUM_CONVERSION = YES;
				CLANG_WARN_INT_CONVERSION = YES;
				CLANG_WARN_OBJC_ROOT_CLASS = YES_ERROR;
				CLANG_WARN_UNREACHABLE_CODE = YES;
				CLANG_WARN__DUPLICATE_METHOD_MATCH = YES;
				"CODE_SIGN_IDENTITY[sdk=iphoneos*]" = "iPhone Developer";
				COPY_PHASE_STRIP = NO;
				ENABLE_STRICT_OBJC_MSGSEND = YES;
				GCC_C_LANGUAGE_STANDARD = gnu99;
				GCC_DYNAMIC_NO_PIC = NO;
				GCC_OPTIMIZATION_LEVEL = 0;
				GCC_PREPROCESSOR_DEFINITIONS = (
					"DEBUG=1",
					"$(inherited)",
				);
				GCC_SYMBOLS_PRIVATE_EXTERN = NO;
				GCC_WARN_64_TO_32_BIT_CONVERSION = YES;
				GCC_WARN_ABOUT_RETURN_TYPE = YES_ERROR;
				GCC_WARN_UNDECLARED_SELECTOR = YES;
				GCC_WARN_UNINITIALIZED_AUTOS = YES_AGGRESSIVE;
				GCC_WARN_UNUSED_FUNCTION = YES;
				GCC_WARN_UNUSED_VARIABLE = YES;
				IPHONEOS_DEPLOYMENT_TARGET = 8.1;
				MTL_ENABLE_DEBUG_INFO = YES;
				ONLY_ACTIVE_ARCH = YES;
				SDKROOT = iphoneos;
				SWIFT_OPTIMIZATION_LEVEL = "-Onone";
			};
			name = Debug;
		};
		41DA2E201A34B49200FE914A /* Release */ = {
			isa = XCBuildConfiguration;
			buildSettings = {
				ALWAYS_SEARCH_USER_PATHS = NO;
				CLANG_CXX_LANGUAGE_STANDARD = "gnu++0x";
				CLANG_CXX_LIBRARY = "libc++";
				CLANG_ENABLE_MODULES = YES;
				CLANG_ENABLE_OBJC_ARC = YES;
				CLANG_WARN_BOOL_CONVERSION = YES;
				CLANG_WARN_CONSTANT_CONVERSION = YES;
				CLANG_WARN_DIRECT_OBJC_ISA_USAGE = YES_ERROR;
				CLANG_WARN_EMPTY_BODY = YES;
				CLANG_WARN_ENUM_CONVERSION = YES;
				CLANG_WARN_INT_CONVERSION = YES;
				CLANG_WARN_OBJC_ROOT_CLASS = YES_ERROR;
				CLANG_WARN_UNREACHABLE_CODE = YES;
				CLANG_WARN__DUPLICATE_METHOD_MATCH = YES;
				"CODE_SIGN_IDENTITY[sdk=iphoneos*]" = "iPhone Developer";
				COPY_PHASE_STRIP = YES;
				ENABLE_NS_ASSERTIONS = NO;
				ENABLE_STRICT_OBJC_MSGSEND = YES;
				GCC_C_LANGUAGE_STANDARD = gnu99;
				GCC_WARN_64_TO_32_BIT_CONVERSION = YES;
				GCC_WARN_ABOUT_RETURN_TYPE = YES_ERROR;
				GCC_WARN_UNDECLARED_SELECTOR = YES;
				GCC_WARN_UNINITIALIZED_AUTOS = YES_AGGRESSIVE;
				GCC_WARN_UNUSED_FUNCTION = YES;
				GCC_WARN_UNUSED_VARIABLE = YES;
				IPHONEOS_DEPLOYMENT_TARGET = 8.1;
				MTL_ENABLE_DEBUG_INFO = NO;
				SDKROOT = iphoneos;
				VALIDATE_PRODUCT = YES;
			};
			name = Release;
		};
		41DA2E221A34B49200FE914A /* Debug */ = {
			isa = XCBuildConfiguration;
			baseConfigurationReference = DCCE2597739F30954DA854A0 /* Pods.debug.xcconfig */;
			buildSettings = {
				ASSETCATALOG_COMPILER_APPICON_NAME = AppIcon;
				CODE_SIGN_IDENTITY = "iPhone Developer";
				FRAMEWORK_SEARCH_PATHS = (
					"$(inherited)",
					"$(PROJECT_DIR)",
				);
				INFOPLIST_FILE = Viajabessa/Info.plist;
				IPHONEOS_DEPLOYMENT_TARGET = 7.0;
				LD_RUNPATH_SEARCH_PATHS = "$(inherited) @executable_path/Frameworks";
				LIBRARY_SEARCH_PATHS = (
					"$(inherited)",
					"$(PROJECT_DIR)/Viajabessa",
				);
				PRODUCT_NAME = "$(TARGET_NAME)";
				"SWIFT_OBJC_BRIDGING_HEADER[arch=*]" = "Viajabessa/Viajabessa-Bridging-Header.h";
			};
			name = Debug;
		};
		41DA2E231A34B49200FE914A /* Release */ = {
			isa = XCBuildConfiguration;
			baseConfigurationReference = C00020CB55C4087EB56559BA /* Pods.release.xcconfig */;
			buildSettings = {
				ASSETCATALOG_COMPILER_APPICON_NAME = AppIcon;
				CODE_SIGN_IDENTITY = "iPhone Developer";
				FRAMEWORK_SEARCH_PATHS = (
					"$(inherited)",
					"$(PROJECT_DIR)",
				);
				INFOPLIST_FILE = Viajabessa/Info.plist;
				IPHONEOS_DEPLOYMENT_TARGET = 7.0;
				LD_RUNPATH_SEARCH_PATHS = "$(inherited) @executable_path/Frameworks";
				LIBRARY_SEARCH_PATHS = (
					"$(inherited)",
					"$(PROJECT_DIR)/Viajabessa",
				);
				PRODUCT_NAME = "$(TARGET_NAME)";
				"SWIFT_OBJC_BRIDGING_HEADER[arch=*]" = "Viajabessa/Viajabessa-Bridging-Header.h";
			};
			name = Release;
		};
		41DA2E251A34B49200FE914A /* Debug */ = {
			isa = XCBuildConfiguration;
			buildSettings = {
				BUNDLE_LOADER = "$(TEST_HOST)";
				FRAMEWORK_SEARCH_PATHS = (
					"$(SDKROOT)/Developer/Library/Frameworks",
					"$(inherited)",
				);
				GCC_PREPROCESSOR_DEFINITIONS = (
					"DEBUG=1",
					"$(inherited)",
				);
				INFOPLIST_FILE = ViajabessaTests/Info.plist;
				LD_RUNPATH_SEARCH_PATHS = "$(inherited) @executable_path/Frameworks @loader_path/Frameworks";
				PRODUCT_NAME = "$(TARGET_NAME)";
				TEST_HOST = "$(BUILT_PRODUCTS_DIR)/Viajabessa.app/Viajabessa";
			};
			name = Debug;
		};
		41DA2E261A34B49200FE914A /* Release */ = {
			isa = XCBuildConfiguration;
			buildSettings = {
				BUNDLE_LOADER = "$(TEST_HOST)";
				FRAMEWORK_SEARCH_PATHS = (
					"$(SDKROOT)/Developer/Library/Frameworks",
					"$(inherited)",
				);
				INFOPLIST_FILE = ViajabessaTests/Info.plist;
				LD_RUNPATH_SEARCH_PATHS = "$(inherited) @executable_path/Frameworks @loader_path/Frameworks";
				PRODUCT_NAME = "$(TARGET_NAME)";
				TEST_HOST = "$(BUILT_PRODUCTS_DIR)/Viajabessa.app/Viajabessa";
			};
			name = Release;
		};
/* End XCBuildConfiguration section */

/* Begin XCConfigurationList section */
		41DA2DFA1A34B49200FE914A /* Build configuration list for PBXProject "Viajabessa" */ = {
			isa = XCConfigurationList;
			buildConfigurations = (
				41DA2E1F1A34B49200FE914A /* Debug */,
				41DA2E201A34B49200FE914A /* Release */,
			);
			defaultConfigurationIsVisible = 0;
			defaultConfigurationName = Release;
		};
		41DA2E211A34B49200FE914A /* Build configuration list for PBXNativeTarget "Viajabessa" */ = {
			isa = XCConfigurationList;
			buildConfigurations = (
				41DA2E221A34B49200FE914A /* Debug */,
				41DA2E231A34B49200FE914A /* Release */,
			);
			defaultConfigurationIsVisible = 0;
			defaultConfigurationName = Release;
		};
		41DA2E241A34B49200FE914A /* Build configuration list for PBXNativeTarget "ViajabessaTests" */ = {
			isa = XCConfigurationList;
			buildConfigurations = (
				41DA2E251A34B49200FE914A /* Debug */,
				41DA2E261A34B49200FE914A /* Release */,
			);
			defaultConfigurationIsVisible = 0;
			defaultConfigurationName = Release;
		};
/* End XCConfigurationList section */

/* Begin XCVersionGroup section */
		41DA2E061A34B49200FE914A /* Viajabessa.xcdatamodeld */ = {
			isa = XCVersionGroup;
			children = (
				41DA2E071A34B49200FE914A /* Viajabessa.xcdatamodel */,
			);
			currentVersion = 41DA2E071A34B49200FE914A /* Viajabessa.xcdatamodel */;
			path = Viajabessa.xcdatamodeld;
			sourceTree = "<group>";
			versionGroupType = wrapper.xcdatamodel;
		};
/* End XCVersionGroup section */
	};
	rootObject = 41DA2DF71A34B49200FE914A /* Project object */;
}
